// !$*UTF8*$!
{
	archiveVersion = 1;
	classes = {
	};
	objectVersion = 46;
	objects = {

/* Begin PBXBuildFile section */
		6B2BAC4C1A6DC84B006201DE /* main.m in Sources */ = {isa = PBXBuildFile; fileRef = 6B2BAC4B1A6DC84B006201DE /* main.m */; };
		6B2BAC4F1A6DC84B006201DE /* AppDelegate.m in Sources */ = {isa = PBXBuildFile; fileRef = 6B2BAC4E1A6DC84B006201DE /* AppDelegate.m */; };
		6B2BAC511A6DC84B006201DE /* Images.xcassets in Resources */ = {isa = PBXBuildFile; fileRef = 6B2BAC501A6DC84B006201DE /* Images.xcassets */; };
		6B2BAC541A6DC84B006201DE /* LaunchScreen.xib in Resources */ = {isa = PBXBuildFile; fileRef = 6B2BAC521A6DC84B006201DE /* LaunchScreen.xib */; };
		6B2BAC601A6DC84B006201DE /* twinTests.m in Sources */ = {isa = PBXBuildFile; fileRef = 6B2BAC5F1A6DC84B006201DE /* twinTests.m */; };
		6B2BAC6C1A6DC8A0006201DE /* AMEHImageViewController.m in Sources */ = {isa = PBXBuildFile; fileRef = 6B2BAC6A1A6DC8A0006201DE /* AMEHImageViewController.m */; };
		6B2BAC6D1A6DC8A0006201DE /* AMEHImageViewController.xib in Resources */ = {isa = PBXBuildFile; fileRef = 6B2BAC6B1A6DC8A0006201DE /* AMEHImageViewController.xib */; };
/* End PBXBuildFile section */

/* Begin PBXContainerItemProxy section */
		6B2BAC5A1A6DC84B006201DE /* PBXContainerItemProxy */ = {
			isa = PBXContainerItemProxy;
			containerPortal = 6B2BAC3E1A6DC84B006201DE /* Project object */;
			proxyType = 1;
			remoteGlobalIDString = 6B2BAC451A6DC84B006201DE;
			remoteInfo = twin;
		};
/* End PBXContainerItemProxy section */

/* Begin PBXFileReference section */
		6B2BAC461A6DC84B006201DE /* twin.app */ = {isa = PBXFileReference; explicitFileType = wrapper.application; includeInIndex = 0; path = twin.app; sourceTree = BUILT_PRODUCTS_DIR; };
		6B2BAC4A1A6DC84B006201DE /* Info.plist */ = {isa = PBXFileReference; lastKnownFileType = text.plist.xml; path = Info.plist; sourceTree = "<group>"; };
		6B2BAC4B1A6DC84B006201DE /* main.m */ = {isa = PBXFileReference; lastKnownFileType = sourcecode.c.objc; path = main.m; sourceTree = "<group>"; };
		6B2BAC4D1A6DC84B006201DE /* AppDelegate.h */ = {isa = PBXFileReference; lastKnownFileType = sourcecode.c.h; path = AppDelegate.h; sourceTree = "<group>"; };
		6B2BAC4E1A6DC84B006201DE /* AppDelegate.m */ = {isa = PBXFileReference; lastKnownFileType = sourcecode.c.objc; path = AppDelegate.m; sourceTree = "<group>"; };
		6B2BAC501A6DC84B006201DE /* Images.xcassets */ = {isa = PBXFileReference; lastKnownFileType = folder.assetcatalog; path = Images.xcassets; sourceTree = "<group>"; };
		6B2BAC531A6DC84B006201DE /* Base */ = {isa = PBXFileReference; lastKnownFileType = file.xib; name = Base; path = Base.lproj/LaunchScreen.xib; sourceTree = "<group>"; };
		6B2BAC591A6DC84B006201DE /* twinTests.xctest */ = {isa = PBXFileReference; explicitFileType = wrapper.cfbundle; includeInIndex = 0; path = twinTests.xctest; sourceTree = BUILT_PRODUCTS_DIR; };
		6B2BAC5E1A6DC84B006201DE /* Info.plist */ = {isa = PBXFileReference; lastKnownFileType = text.plist.xml; path = Info.plist; sourceTree = "<group>"; };
		6B2BAC5F1A6DC84B006201DE /* twinTests.m */ = {isa = PBXFileReference; lastKnownFileType = sourcecode.c.objc; path = twinTests.m; sourceTree = "<group>"; };
		6B2BAC691A6DC8A0006201DE /* AMEHImageViewController.h */ = {isa = PBXFileReference; fileEncoding = 4; lastKnownFileType = sourcecode.c.h; path = AMEHImageViewController.h; sourceTree = "<group>"; };
		6B2BAC6A1A6DC8A0006201DE /* AMEHImageViewController.m */ = {isa = PBXFileReference; fileEncoding = 4; lastKnownFileType = sourcecode.c.objc; path = AMEHImageViewController.m; sourceTree = "<group>"; };
		6B2BAC6B1A6DC8A0006201DE /* AMEHImageViewController.xib */ = {isa = PBXFileReference; fileEncoding = 4; lastKnownFileType = file.xib; path = AMEHImageViewController.xib; sourceTree = "<group>"; };
/* End PBXFileReference section */

/* Begin PBXFrameworksBuildPhase section */
		6B2BAC431A6DC84B006201DE /* Frameworks */ = {
			isa = PBXFrameworksBuildPhase;
			buildActionMask = 2147483647;
			files = (
			);
			runOnlyForDeploymentPostprocessing = 0;
		};
		6B2BAC561A6DC84B006201DE /* Frameworks */ = {
			isa = PBXFrameworksBuildPhase;
			buildActionMask = 2147483647;
			files = (
			);
			runOnlyForDeploymentPostprocessing = 0;
		};
/* End PBXFrameworksBuildPhase section */

/* Begin PBXGroup section */
		6B2BAC3D1A6DC84B006201DE = {
			isa = PBXGroup;
			children = (
				6B2BAC481A6DC84B006201DE /* twin */,
				6B2BAC5C1A6DC84B006201DE /* twinTests */,
				6B2BAC471A6DC84B006201DE /* Products */,
			);
			sourceTree = "<group>";
		};
		6B2BAC471A6DC84B006201DE /* Products */ = {
			isa = PBXGroup;
			children = (
				6B2BAC461A6DC84B006201DE /* twin.app */,
				6B2BAC591A6DC84B006201DE /* twinTests.xctest */,
			);
			name = Products;
			sourceTree = "<group>";
		};
		6B2BAC481A6DC84B006201DE /* twin */ = {
			isa = PBXGroup;
			children = (
				6B2BAC4D1A6DC84B006201DE /* AppDelegate.h */,
				6B2BAC4E1A6DC84B006201DE /* AppDelegate.m */,
				6B2BAC501A6DC84B006201DE /* Images.xcassets */,
				6B2BAC521A6DC84B006201DE /* LaunchScreen.xib */,
				6B2BAC491A6DC84B006201DE /* Supporting Files */,
				6B2BAC691A6DC8A0006201DE /* AMEHImageViewController.h */,
				6B2BAC6A1A6DC8A0006201DE /* AMEHImageViewController.m */,
				6B2BAC6B1A6DC8A0006201DE /* AMEHImageViewController.xib */,
			);
			path = twin;
			sourceTree = "<group>";
		};
		6B2BAC491A6DC84B006201DE /* Supporting Files */ = {
			isa = PBXGroup;
			children = (
				6B2BAC4A1A6DC84B006201DE /* Info.plist */,
				6B2BAC4B1A6DC84B006201DE /* main.m */,
			);
			name = "Supporting Files";
			sourceTree = "<group>";
		};
		6B2BAC5C1A6DC84B006201DE /* twinTests */ = {
			isa = PBXGroup;
			children = (
				6B2BAC5F1A6DC84B006201DE /* twinTests.m */,
				6B2BAC5D1A6DC84B006201DE /* Supporting Files */,
			);
			path = twinTests;
			sourceTree = "<group>";
		};
		6B2BAC5D1A6DC84B006201DE /* Supporting Files */ = {
			isa = PBXGroup;
			children = (
				6B2BAC5E1A6DC84B006201DE /* Info.plist */,
			);
			name = "Supporting Files";
			sourceTree = "<group>";
		};
/* End PBXGroup section */

/* Begin PBXNativeTarget section */
		6B2BAC451A6DC84B006201DE /* twin */ = {
			isa = PBXNativeTarget;
			buildConfigurationList = 6B2BAC631A6DC84C006201DE /* Build configuration list for PBXNativeTarget "twin" */;
			buildPhases = (
				6B2BAC421A6DC84B006201DE /* Sources */,
				6B2BAC431A6DC84B006201DE /* Frameworks */,
				6B2BAC441A6DC84B006201DE /* Resources */,
			);
			buildRules = (
			);
			dependencies = (
			);
			name = twin;
			productName = twin;
			productReference = 6B2BAC461A6DC84B006201DE /* twin.app */;
			productType = "com.apple.product-type.application";
		};
		6B2BAC581A6DC84B006201DE /* twinTests */ = {
			isa = PBXNativeTarget;
			buildConfigurationList = 6B2BAC661A6DC84C006201DE /* Build configuration list for PBXNativeTarget "twinTests" */;
			buildPhases = (
				6B2BAC551A6DC84B006201DE /* Sources */,
				6B2BAC561A6DC84B006201DE /* Frameworks */,
				6B2BAC571A6DC84B006201DE /* Resources */,
			);
			buildRules = (
			);
			dependencies = (
				6B2BAC5B1A6DC84B006201DE /* PBXTargetDependency */,
			);
			name = twinTests;
			productName = twinTests;
			productReference = 6B2BAC591A6DC84B006201DE /* twinTests.xctest */;
			productType = "com.apple.product-type.bundle.unit-test";
		};
/* End PBXNativeTarget section */

/* Begin PBXProject section */
		6B2BAC3E1A6DC84B006201DE /* Project object */ = {
			isa = PBXProject;
			attributes = {
				LastUpgradeCheck = 0610;
				ORGANIZATIONNAME = antoniomeh;
				TargetAttributes = {
					6B2BAC451A6DC84B006201DE = {
						CreatedOnToolsVersion = 6.1.1;
					};
					6B2BAC581A6DC84B006201DE = {
						CreatedOnToolsVersion = 6.1.1;
						TestTargetID = 6B2BAC451A6DC84B006201DE;
					};
				};
			};
			buildConfigurationList = 6B2BAC411A6DC84B006201DE /* Build configuration list for PBXProject "twin" */;
			compatibilityVersion = "Xcode 3.2";
			developmentRegion = English;
			hasScannedForEncodings = 0;
			knownRegions = (
				en,
				Base,
			);
			mainGroup = 6B2BAC3D1A6DC84B006201DE;
			productRefGroup = 6B2BAC471A6DC84B006201DE /* Products */;
			projectDirPath = "";
			projectRoot = "";
			targets = (
				6B2BAC451A6DC84B006201DE /* twin */,
				6B2BAC581A6DC84B006201DE /* twinTests */,
			);
		};
/* End PBXProject section */

/* Begin PBXResourcesBuildPhase section */
		6B2BAC441A6DC84B006201DE /* Resources */ = {
			isa = PBXResourcesBuildPhase;
			buildActionMask = 2147483647;
			files = (
				6B2BAC541A6DC84B006201DE /* LaunchScreen.xib in Resources */,
				6B2BAC6D1A6DC8A0006201DE /* AMEHImageViewController.xib in Resources */,
				6B2BAC511A6DC84B006201DE /* Images.xcassets in Resources */,
			);
			runOnlyForDeploymentPostprocessing = 0;
		};
		6B2BAC571A6DC84B006201DE /* Resources */ = {
			isa = PBXResourcesBuildPhase;
			buildActionMask = 2147483647;
			files = (
			);
			runOnlyForDeploymentPostprocessing = 0;
		};
/* End PBXResourcesBuildPhase section */

/* Begin PBXSourcesBuildPhase section */
		6B2BAC421A6DC84B006201DE /* Sources */ = {
			isa = PBXSourcesBuildPhase;
			buildActionMask = 2147483647;
			files = (
				6B2BAC6C1A6DC8A0006201DE /* AMEHImageViewController.m in Sources */,
				6B2BAC4F1A6DC84B006201DE /* AppDelegate.m in Sources */,
				6B2BAC4C1A6DC84B006201DE /* main.m in Sources */,
			);
			runOnlyForDeploymentPostprocessing = 0;
		};
		6B2BAC551A6DC84B006201DE /* Sources */ = {
			isa = PBXSourcesBuildPhase;
			buildActionMask = 2147483647;
			files = (
				6B2BAC601A6DC84B006201DE /* twinTests.m in Sources */,
			);
			runOnlyForDeploymentPostprocessing = 0;
		};
/* End PBXSourcesBuildPhase section */

/* Begin PBXTargetDependency section */
		6B2BAC5B1A6DC84B006201DE /* PBXTargetDependency */ = {
			isa = PBXTargetDependency;
			target = 6B2BAC451A6DC84B006201DE /* twin */;
			targetProxy = 6B2BAC5A1A6DC84B006201DE /* PBXContainerItemProxy */;
		};
/* End PBXTargetDependency section */

/* Begin PBXVariantGroup section */
		6B2BAC521A6DC84B006201DE /* LaunchScreen.xib */ = {
			isa = PBXVariantGroup;
			children = (
				6B2BAC531A6DC84B006201DE /* Base */,
			);
			name = LaunchScreen.xib;
			sourceTree = "<group>";
		};
/* End PBXVariantGroup section */

/* Begin XCBuildConfiguration section */
		6B2BAC611A6DC84C006201DE /* Debug */ = {
			isa = XCBuildConfiguration;
			buildSettings = {
				ALWAYS_SEARCH_USER_PATHS = NO;
				CLANG_CXX_LANGUAGE_STANDARD = "gnu++0x";
				CLANG_CXX_LIBRARY = "libc++";
				CLANG_ENABLE_MODULES = YES;
				CLANG_ENABLE_OBJC_ARC = YES;
				CLANG_WARN_BOOL_CONVERSION = YES;
				CLANG_WARN_CONSTANT_CONVERSION = YES;
				CLANG_WARN_DIRECT_OBJC_ISA_USAGE = YES_ERROR;
				CLANG_WARN_EMPTY_BODY = YES;
				CLANG_WARN_ENUM_CONVERSION = YES;
				CLANG_WARN_INT_CONVERSION = YES;
				CLANG_WARN_OBJC_ROOT_CLASS = YES_ERROR;
				CLANG_WARN_UNREACHABLE_CODE = YES;
				CLANG_WARN__DUPLICATE_METHOD_MATCH = YES;
				"CODE_SIGN_IDENTITY[sdk=iphoneos*]" = "iPhone Developer";
				COPY_PHASE_STRIP = NO;
				ENABLE_STRICT_OBJC_MSGSEND = YES;
				GCC_C_LANGUAGE_STANDARD = gnu99;
				GCC_DYNAMIC_NO_PIC = NO;
				GCC_OPTIMIZATION_LEVEL = 0;
				GCC_PREPROCESSOR_DEFINITIONS = (
					"DEBUG=1",
					"$(inherited)",
				);
				GCC_SYMBOLS_PRIVATE_EXTERN = NO;
				GCC_WARN_64_TO_32_BIT_CONVERSION = YES;
				GCC_WARN_ABOUT_RETURN_TYPE = YES_ERROR;
				GCC_WARN_UNDECLARED_SELECTOR = YES;
				GCC_WARN_UNINITIALIZED_AUTOS = YES_AGGRESSIVE;
				GCC_WARN_UNUSED_FUNCTION = YES;
				GCC_WARN_UNUSED_VARIABLE = YES;
				IPHONEOS_DEPLOYMENT_TARGET = 8.1;
				MTL_ENABLE_DEBUG_INFO = YES;
				ONLY_ACTIVE_ARCH = YES;
				SDKROOT = iphoneos;
				TARGETED_DEVICE_FAMILY = "1,2";
			};
			name = Debug;
		};
		6B2BAC621A6DC84C006201DE /* Release */ = {
			isa = XCBuildConfiguration;
			buildSettings = {
				ALWAYS_SEARCH_USER_PATHS = NO;
				CLANG_CXX_LANGUAGE_STANDARD = "gnu++0x";
				CLANG_CXX_LIBRARY = "libc++";
				CLANG_ENABLE_MODULES = YES;
				CLANG_ENABLE_OBJC_ARC = YES;
				CLANG_WARN_BOOL_CONVERSION = YES;
				CLANG_WARN_CONSTANT_CONVERSION = YES;
				CLANG_WARN_DIRECT_OBJC_ISA_USAGE = YES_ERROR;
				CLANG_WARN_EMPTY_BODY = YES;
				CLANG_WARN_ENUM_CONVERSION = YES;
				CLANG_WARN_INT_CONVERSION = YES;
				CLANG_WARN_OBJC_ROOT_CLASS = YES_ERROR;
				CLANG_WARN_UNREACHABLE_CODE = YES;
				CLANG_WARN__DUPLICATE_METHOD_MATCH = YES;
				"CODE_SIGN_IDENTITY[sdk=iphoneos*]" = "iPhone Developer";
				COPY_PHASE_STRIP = YES;
				ENABLE_NS_ASSERTIONS = NO;
				ENABLE_STRICT_OBJC_MSGSEND = YES;
				GCC_C_LANGUAGE_STANDARD = gnu99;
				GCC_WARN_64_TO_32_BIT_CONVERSION = YES;
				GCC_WARN_ABOUT_RETURN_TYPE = YES_ERROR;
				GCC_WARN_UNDECLARED_SELECTOR = YES;
				GCC_WARN_UNINITIALIZED_AUTOS = YES_AGGRESSIVE;
				GCC_WARN_UNUSED_FUNCTION = YES;
				GCC_WARN_UNUSED_VARIABLE = YES;
				IPHONEOS_DEPLOYMENT_TARGET = 8.1;
				MTL_ENABLE_DEBUG_INFO = NO;
				SDKROOT = iphoneos;
				TARGETED_DEVICE_FAMILY = "1,2";
				VALIDATE_PRODUCT = YES;
			};
			name = Release;
		};
		6B2BAC641A6DC84C006201DE /* Debug */ = {
			isa = XCBuildConfiguration;
			buildSettings = {
				ASSETCATALOG_COMPILER_APPICON_NAME = AppIcon;
				INFOPLIST_FILE = twin/Info.plist;
				LD_RUNPATH_SEARCH_PATHS = "$(inherited) @executable_path/Frameworks";
				PRODUCT_NAME = "$(TARGET_NAME)";
			};
			name = Debug;
		};
		6B2BAC651A6DC84C006201DE /* Release */ = {
			isa = XCBuildConfiguration;
			buildSettings = {
				ASSETCATALOG_COMPILER_APPICON_NAME = AppIcon;
				INFOPLIST_FILE = twin/Info.plist;
				LD_RUNPATH_SEARCH_PATHS = "$(inherited) @executable_path/Frameworks";
				PRODUCT_NAME = "$(TARGET_NAME)";
			};
			name = Release;
		};
		6B2BAC671A6DC84C006201DE /* Debug */ = {
			isa = XCBuildConfiguration;
			buildSettings = {
				BUNDLE_LOADER = "$(TEST_HOST)";
				FRAMEWORK_SEARCH_PATHS = (
					"$(SDKROOT)/Developer/Library/Frameworks",
					"$(inherited)",
				);
				GCC_PREPROCESSOR_DEFINITIONS = (
					"DEBUG=1",
					"$(inherited)",
				);
				INFOPLIST_FILE = twinTests/Info.plist;
				LD_RUNPATH_SEARCH_PATHS = "$(inherited) @executable_path/Frameworks @loader_path/Frameworks";
				PRODUCT_NAME = "$(TARGET_NAME)";
				TEST_HOST = "$(BUILT_PRODUCTS_DIR)/twin.app/twin";
			};
			name = Debug;
		};
		6B2BAC681A6DC84C006201DE /* Release */ = {
			isa = XCBuildConfiguration;
			buildSettings = {
				BUNDLE_LOADER = "$(TEST_HOST)";
				FRAMEWORK_SEARCH_PATHS = (
					"$(SDKROOT)/Developer/Library/Frameworks",
					"$(inherited)",
				);
				INFOPLIST_FILE = twinTests/Info.plist;
				LD_RUNPATH_SEARCH_PATHS = "$(inherited) @executable_path/Frameworks @loader_path/Frameworks";
				PRODUCT_NAME = "$(TARGET_NAME)";
				TEST_HOST = "$(BUILT_PRODUCTS_DIR)/twin.app/twin";
			};
			name = Release;
		};
/* End XCBuildConfiguration section */

/* Begin XCConfigurationList section */
		6B2BAC411A6DC84B006201DE /* Build configuration list for PBXProject "twin" */ = {
			isa = XCConfigurationList;
			buildConfigurations = (
				6B2BAC611A6DC84C006201DE /* Debug */,
				6B2BAC621A6DC84C006201DE /* Release */,
			);
			defaultConfigurationIsVisible = 0;
			defaultConfigurationName = Release;
		};
		6B2BAC631A6DC84C006201DE /* Build configuration list for PBXNativeTarget "twin" */ = {
			isa = XCConfigurationList;
			buildConfigurations = (
				6B2BAC641A6DC84C006201DE /* Debug */,
				6B2BAC651A6DC84C006201DE /* Release */,
			);
			defaultConfigurationIsVisible = 0;
		};
		6B2BAC661A6DC84C006201DE /* Build configuration list for PBXNativeTarget "twinTests" */ = {
			isa = XCConfigurationList;
			buildConfigurations = (
				6B2BAC671A6DC84C006201DE /* Debug */,
				6B2BAC681A6DC84C006201DE /* Release */,
			);
			defaultConfigurationIsVisible = 0;
		};
/* End XCConfigurationList section */
	};
	rootObject = 6B2BAC3E1A6DC84B006201DE /* Project object */;
}
